# THIS IS AN AUTOGENERATED FILE. DO NOT EDIT THIS FILE DIRECTLY.
# yarn lockfile v1


detect-libc@^1.0.3:
  version "1.0.3"
  resolved "https://registry.yarnpkg.com/detect-libc/-/detect-libc-1.0.3.tgz#fa137c4bd698edf55cd5cd02ac559f91a4c4ba9b"
  integrity sha512-pGjwhsmsp4kL2RTz08wcOlGN83otlqHeD/Z5T8GXZB+/YcpQ/dgo+lbU8ZsGxV0HIvqqxo9l7mqYwyYMD9bKDg==

husky@^9.1.6:
  version "9.1.6"
  resolved "https://registry.yarnpkg.com/husky/-/husky-9.1.6.tgz#e23aa996b6203ab33534bdc82306b0cf2cb07d6c"
  integrity sha512-sqbjZKK7kf44hfdE94EoX8MZNk0n7HeW37O4YrVGCF4wzgQjp+akPAkfUK5LZ6KuR/6sqeAVuXHji+RzQgOn5A==

lightningcss-cli-darwin-arm64@1.28.1:
  version "1.28.1"
  resolved "https://registry.yarnpkg.com/lightningcss-cli-darwin-arm64/-/lightningcss-cli-darwin-arm64-1.28.1.tgz#0294ffdc15e07502456d2f497de6ce2012d3fe5c"
  integrity sha512-qPA7fgtt6spmhqqZY9Gji6TCfV51sUu2n52KLTVydaAf0QVD/iFMF92iwLMhF37Rzn8dB6BHYFew9Jq/kkM9sQ==

lightningcss-cli-darwin-x64@1.28.1:
  version "1.28.1"
  resolved "https://registry.yarnpkg.com/lightningcss-cli-darwin-x64/-/lightningcss-cli-darwin-x64-1.28.1.tgz#b6a0d954f5fb2aec3360120d1859959ba4bed7ca"
  integrity sha512-MjVnQJTZgozVIi2PdyOmYojfgzaUxZ1LBoWvFEDhYy0z7u6sBOf9Of4I0N7mfWEBtdg8dvAnPd11h+/NN4sUFg==

lightningcss-cli-freebsd-x64@1.28.1:
  version "1.28.1"
  resolved "https://registry.yarnpkg.com/lightningcss-cli-freebsd-x64/-/lightningcss-cli-freebsd-x64-1.28.1.tgz#5eb1516ee64bb9a552e2bde60d86af436d33671f"
  integrity sha512-BQvQPc6FTb2531zaYww6F/gIU+61+PV13sPWP+DofZUuo8biO7KT74WFuggrqVoVtFRJPnMD2WfLGc8rUGdjwA==

lightningcss-cli-linux-arm-gnueabihf@1.28.1:
  version "1.28.1"
  resolved "https://registry.yarnpkg.com/lightningcss-cli-linux-arm-gnueabihf/-/lightningcss-cli-linux-arm-gnueabihf-1.28.1.tgz#cd7d8cf8a006881114bb046a9647d09e3220e074"
  integrity sha512-rEJ5ZqEK2iXZhGTeBgNHHfSqSny1wi1zYWKnbanW1IaJ/4JFhxWkgz/bqZi0+kfhzJDs5JrXKu+G4TL35E0U0Q==

lightningcss-cli-linux-arm64-gnu@1.28.1:
  version "1.28.1"
  resolved "https://registry.yarnpkg.com/lightningcss-cli-linux-arm64-gnu/-/lightningcss-cli-linux-arm64-gnu-1.28.1.tgz#21fb3c751a40847ba0928a824a9589447be82a8b"
  integrity sha512-+NGCcOCF7HK2fKqHN2gQ0a9AQ4HYvQ5IsqvRQQzgHwD+sjv+kzV8+NTQxs9cCKf2ST1fqD1j36r/YInzs4QDJw==

lightningcss-cli-linux-arm64-musl@1.28.1:
  version "1.28.1"
  resolved "https://registry.yarnpkg.com/lightningcss-cli-linux-arm64-musl/-/lightningcss-cli-linux-arm64-musl-1.28.1.tgz#843900ce61cf600ea1755607c375f9617e0f2623"
  integrity sha512-aZOt7bcJjjE9hFsqmG93z26kvl+Ffq/065ibEgNJ8etHnHWOwhiLH3j9ANd1YBXwRunMU583n0UzXVSx6ip6pQ==

lightningcss-cli-linux-x64-gnu@1.28.1:
  version "1.28.1"
  resolved "https://registry.yarnpkg.com/lightningcss-cli-linux-x64-gnu/-/lightningcss-cli-linux-x64-gnu-1.28.1.tgz#1d77468b88e9fe235a19f9f33feb3ac739bc77ba"
  integrity sha512-5zwczYYPJqAYv7Moealc5qRwjFwWzTydX/eReOZdZecn3VJg1yhkR3T5DYSmiDIPrRWliNVk0p64xovntPL01w==

lightningcss-cli-linux-x64-musl@1.28.1:
  version "1.28.1"
  resolved "https://registry.yarnpkg.com/lightningcss-cli-linux-x64-musl/-/lightningcss-cli-linux-x64-musl-1.28.1.tgz#48f1dff86da05381d7a2012558b829bdddfc9e04"
  integrity sha512-bCpq4VdvRlnTl3ZMazEmwSDmQJb54JgNDa0WCI8hreWywYaPNsrtWXFB/W5MGypEQGKIzquoTyy/Z3/oYM0tUg==

lightningcss-cli-win32-arm64-msvc@1.28.1:
  version "1.28.1"
  resolved "https://registry.yarnpkg.com/lightningcss-cli-win32-arm64-msvc/-/lightningcss-cli-win32-arm64-msvc-1.28.1.tgz#98f683617010a21167f5d7aa67231a881d9c7180"
  integrity sha512-lyxajMp7bChXqy0TqD+AYyxykZ6oV6GKNMVOi6XLRkm84Y2EhD44ExMmW9pu/0AFw8l9zJilCIa7aKKfNu8Atg==

lightningcss-cli-win32-x64-msvc@1.28.1:
  version "1.28.1"
  resolved "https://registry.yarnpkg.com/lightningcss-cli-win32-x64-msvc/-/lightningcss-cli-win32-x64-msvc-1.28.1.tgz#21cefb8018114dd2330b4aa1134fd25a45b4c3ff"
  integrity sha512-Kkp1uy9CoBx7lCSeoNLvNBKxpksz3ySoBdvKbId3QFW1I9BomN3hoZdg1/SQvEsTKC2IeW7ctX+98o0IoDRkvA==

lightningcss-cli@^1.27.0:
  version "1.28.1"
  resolved "https://registry.yarnpkg.com/lightningcss-cli/-/lightningcss-cli-1.28.1.tgz#a135ec85ddf33594a5ebdb2bfaa50dcb3ef06f6d"
  integrity sha512-+9EIi1Sg+6Pzivx3k+x/SJVk/8hep8JDWmu5xn972rtbugHlanN9kVeEHyJY8PtGTGE4WRZVkm4nyGCivI8KvA==
  dependencies:
    detect-libc "^1.0.3"
  optionalDependencies:
    lightningcss-cli-darwin-arm64 "1.28.1"
    lightningcss-cli-darwin-x64 "1.28.1"
    lightningcss-cli-freebsd-x64 "1.28.1"
    lightningcss-cli-linux-arm-gnueabihf "1.28.1"
    lightningcss-cli-linux-arm64-gnu "1.28.1"
    lightningcss-cli-linux-arm64-musl "1.28.1"
    lightningcss-cli-linux-x64-gnu "1.28.1"
    lightningcss-cli-linux-x64-musl "1.28.1"
    lightningcss-cli-win32-arm64-msvc "1.28.1"
    lightningcss-cli-win32-x64-msvc "1.28.1"
