# THIS IS AN AUTOGENERATED FILE. DO NOT EDIT THIS FILE DIRECTLY.
# yarn lockfile v1


detect-libc@^1.0.3:
  version "1.0.3"
  resolved "https://registry.yarnpkg.com/detect-libc/-/detect-libc-1.0.3.tgz#fa137c4bd698edf55cd5cd02ac559f91a4c4ba9b"
  integrity sha512-pGjwhsmsp4kL2RTz08wcOlGN83otlqHeD/Z5T8GXZB+/YcpQ/dgo+lbU8ZsGxV0HIvqqxo9l7mqYwyYMD9bKDg==

lightningcss-cli-darwin-arm64@1.27.0:
  version "1.27.0"
  resolved "https://registry.yarnpkg.com/lightningcss-cli-darwin-arm64/-/lightningcss-cli-darwin-arm64-1.27.0.tgz#6e3d608d7e284d94f281bb18fca9ac4d6a62d7dc"
  integrity sha512-5vXCakJA/m2WSVmCUSpeEjsGy+LB/N2YCy/PjoZturH7doAXW8IP/p5X1fbuyX4AwynpzCWGiVjmFFymPOTBUg==

lightningcss-cli-darwin-x64@1.27.0:
  version "1.27.0"
  resolved "https://registry.yarnpkg.com/lightningcss-cli-darwin-x64/-/lightningcss-cli-darwin-x64-1.27.0.tgz#594eed7aae8a3d60adb69bc07127f7a96e8d1416"
  integrity sha512-xCMimAAgbhCdJjTvwxulMzR/Im4Sp3jh6nQjMqzUXFdhV6vkA9sAJeUeFgZfuPu3cTRI8w74DllLvbK77e76nw==

lightningcss-cli-freebsd-x64@1.27.0:
  version "1.27.0"
  resolved "https://registry.yarnpkg.com/lightningcss-cli-freebsd-x64/-/lightningcss-cli-freebsd-x64-1.27.0.tgz#7a23da06dee95657d05b54452f9de3a0e832a0b4"
  integrity sha512-hsIu9VSQNUccZUWiUYvUXB7zq6w+xbjT52VZcWxd6SvHiBTXGUox5BFxYJ3tKc2HGB8jcbYMH7HVfbEM9kuszg==

lightningcss-cli-linux-arm-gnueabihf@1.27.0:
  version "1.27.0"
  resolved "https://registry.yarnpkg.com/lightningcss-cli-linux-arm-gnueabihf/-/lightningcss-cli-linux-arm-gnueabihf-1.27.0.tgz#e55aa93417ae0ad33f4c507d6d23bc30bf7c5437"
  integrity sha512-Io1ZjfNx3UN1fnk4ojOM+x1njtVUo1pBpdrsKeR7EpLfdzbeuZ2VyZ1dQpc2OY45uwwpBO/BaQFid/GAy1j8jg==

lightningcss-cli-linux-arm64-gnu@1.27.0:
  version "1.27.0"
  resolved "https://registry.yarnpkg.com/lightningcss-cli-linux-arm64-gnu/-/lightningcss-cli-linux-arm64-gnu-1.27.0.tgz#a1033ed0b60cf27326ad4600a2304df8f60599b8"
  integrity sha512-TfVnMGDWcCGRwPBb7asEdWYE+kTVceMob+Lm2abfEepPPgDMSc/wYMeP5saofDvYsGINluJO6bZiPpFJCGDr7w==

lightningcss-cli-linux-arm64-musl@1.27.0:
  version "1.27.0"
  resolved "https://registry.yarnpkg.com/lightningcss-cli-linux-arm64-musl/-/lightningcss-cli-linux-arm64-musl-1.27.0.tgz#0f7c86d23f2a8ed61155c434fc30eb094703992d"
  integrity sha512-yWOUarFdgSjBINUt58ijEGEPpCSIu8ZQF6HaI18szGHG9GbkLM0etEMTv1udpd6cmDkymxk1lXHbPkD+DWty7A==

lightningcss-cli-linux-x64-gnu@1.27.0:
  version "1.27.0"
  resolved "https://registry.yarnpkg.com/lightningcss-cli-linux-x64-gnu/-/lightningcss-cli-linux-x64-gnu-1.27.0.tgz#73bad65d4a69235aa95f96d2edb8166140128e9c"
  integrity sha512-b8ouWePiwhQdKD9vBu7ywLwDXJ+Y3MHWY7hLbnwxp1+HWQ/Q9fLNEpfR4ZoFXrw1BwMDBp5T68c1hPBlGhDgqg==

lightningcss-cli-linux-x64-musl@1.27.0:
  version "1.27.0"
  resolved "https://registry.yarnpkg.com/lightningcss-cli-linux-x64-musl/-/lightningcss-cli-linux-x64-musl-1.27.0.tgz#ee4a742ef44647eb1714bdd3a49fdbaa6e78e56b"
  integrity sha512-Cnh4KtkSXT30jzjgh5ImHIpBptqmemTxPyWHC7O4l5RgkPjnyytfOjgWJFjiSfeCHfNEmNy0evDH38l5TXf5Eg==

lightningcss-cli-win32-arm64-msvc@1.27.0:
  version "1.27.0"
  resolved "https://registry.yarnpkg.com/lightningcss-cli-win32-arm64-msvc/-/lightningcss-cli-win32-arm64-msvc-1.27.0.tgz#bf2b0fb847980d1af922298c23dd5ccb1bc0fd91"
  integrity sha512-HWX6aY0CHft7QkxhC6NhAAD0Qm9yrAH8JKTfNRDxvyL+q6E+JQDO/vG33x4YVRQoIL3Evh9CULyHDyHCNy0IdQ==

lightningcss-cli-win32-x64-msvc@1.27.0:
  version "1.27.0"
  resolved "https://registry.yarnpkg.com/lightningcss-cli-win32-x64-msvc/-/lightningcss-cli-win32-x64-msvc-1.27.0.tgz#e06183277509ff98ab9caeafa41d15609e26e373"
  integrity sha512-CkurSCmj5iDJ5Jgcg+XibVo3GSEo6W6WbVeKuzU4bfeh3lRLcMHUG/F3+L66JJedUUKUq8eMQgbLOPmtgwqxJA==

lightningcss-cli@^1.27.0:
  version "1.27.0"
  resolved "https://registry.yarnpkg.com/lightningcss-cli/-/lightningcss-cli-1.27.0.tgz#e5ff41c7b19d2e154e6f21a19e12a78d039c9d25"
  integrity sha512-wR6VRIY7JoLm7zRerqoGZ89Yyv149XllizcVh0iWVYfDR8per+IbcTyd+c7MPF1E+HaDCxRd9GCst1eeYAssiQ==
  dependencies:
    detect-libc "^1.0.3"
  optionalDependencies:
    lightningcss-cli-darwin-arm64 "1.27.0"
    lightningcss-cli-darwin-x64 "1.27.0"
    lightningcss-cli-freebsd-x64 "1.27.0"
    lightningcss-cli-linux-arm-gnueabihf "1.27.0"
    lightningcss-cli-linux-arm64-gnu "1.27.0"
    lightningcss-cli-linux-arm64-musl "1.27.0"
    lightningcss-cli-linux-x64-gnu "1.27.0"
    lightningcss-cli-linux-x64-musl "1.27.0"
    lightningcss-cli-win32-arm64-msvc "1.27.0"
    lightningcss-cli-win32-x64-msvc "1.27.0"
